
Microsoft Visual Studio Solution File, Format Version 12.00
# Visual Studio Version 17
VisualStudioVersion = 17.14.36915.13 d17.14
MinimumVisualStudioVersion = 10.0.40219.1
Project("{FAE04EC0-301F-11D3-BF4B-00C04F79EFBC}") = "WebApplication1", "WebApplication1\WebApplication1.csproj", "{485F4409-307C-470B-850E-8AC537D10EE5}"
EndProject
Global
	GlobalSection(SolutionConfigurationPlatforms) = preSolution
		Debug|Any CPU = Debug|Any CPU
		Release|Any CPU = Release|Any CPU
	EndGlobalSection
	GlobalSection(ProjectConfigurationPlatforms) = postSolution
		{485F4409-307C-470B-850E-8AC537D10EE5}.Debug|Any CPU.ActiveCfg = Debug|Any CPU
		{485F4409-307C-470B-850E-8AC537D10EE5}.Debug|Any CPU.Build.0 = Debug|Any CPU
		{485F4409-307C-470B-850E-8AC537D10EE5}.Release|Any CPU.ActiveCfg = Release|Any CPU
		{485F4409-307C-470B-850E-8AC537D10EE5}.Release|Any CPU.Build.0 = Release|Any CPU
	EndGlobalSection
	GlobalSection(SolutionProperties) = preSolution
		HideSolutionNode = FALSE
	EndGlobalSection
	GlobalSection(ExtensibilityGlobals) = postSolution
		SolutionGuid = {E92D5623-BFA7-4C23-BE59-0703C2664DBE}
	EndGlobalSection
EndGlobal
