
Microsoft Visual Studio Solution File, Format Version 12.00
# Visual Studio Version 17
VisualStudioVersion = 17.14.36915.13 d17.14
MinimumVisualStudioVersion = 10.0.40219.1
Project("{FAE04EC0-301F-11D3-BF4B-00C04F79EFBC}") = "API", "API\API.csproj", "{6F261EC8-BA10-43FD-B1BC-80857461EC74}"
EndProject
Project("{FAE04EC0-301F-11D3-BF4B-00C04F79EFBC}") = "Application", "Application\Application.csproj", "{647F4682-57CB-4E72-805C-BC6FBB5C2D79}"
EndProject
Project("{FAE04EC0-301F-11D3-BF4B-00C04F79EFBC}") = "Domain", "Domain\Domain.csproj", "{C6D2EC0F-8247-4D6F-99BA-8279EF170996}"
EndProject
Project("{FAE04EC0-301F-11D3-BF4B-00C04F79EFBC}") = "Infrastructure", "Infrastructure\Infrastructure.csproj", "{ED23C9FE-BC5A-4C6C-A5CA-F2BDE37DEA9B}"
EndProject
Global
	GlobalSection(SolutionConfigurationPlatforms) = preSolution
		Debug|Any CPU = Debug|Any CPU
		Release|Any CPU = Release|Any CPU
	EndGlobalSection
	GlobalSection(ProjectConfigurationPlatforms) = postSolution
		{6F261EC8-BA10-43FD-B1BC-80857461EC74}.Debug|Any CPU.ActiveCfg = Debug|Any CPU
		{6F261EC8-BA10-43FD-B1BC-80857461EC74}.Debug|Any CPU.Build.0 = Debug|Any CPU
		{6F261EC8-BA10-43FD-B1BC-80857461EC74}.Release|Any CPU.ActiveCfg = Release|Any CPU
		{6F261EC8-BA10-43FD-B1BC-80857461EC74}.Release|Any CPU.Build.0 = Release|Any CPU
		{647F4682-57CB-4E72-805C-BC6FBB5C2D79}.Debug|Any CPU.ActiveCfg = Debug|Any CPU
		{647F4682-57CB-4E72-805C-BC6FBB5C2D79}.Debug|Any CPU.Build.0 = Debug|Any CPU
		{647F4682-57CB-4E72-805C-BC6FBB5C2D79}.Release|Any CPU.ActiveCfg = Release|Any CPU
		{647F4682-57CB-4E72-805C-BC6FBB5C2D79}.Release|Any CPU.Build.0 = Release|Any CPU
		{C6D2EC0F-8247-4D6F-99BA-8279EF170996}.Debug|Any CPU.ActiveCfg = Debug|Any CPU
		{C6D2EC0F-8247-4D6F-99BA-8279EF170996}.Debug|Any CPU.Build.0 = Debug|Any CPU
		{C6D2EC0F-8247-4D6F-99BA-8279EF170996}.Release|Any CPU.ActiveCfg = Release|Any CPU
		{C6D2EC0F-8247-4D6F-99BA-8279EF170996}.Release|Any CPU.Build.0 = Release|Any CPU
		{ED23C9FE-BC5A-4C6C-A5CA-F2BDE37DEA9B}.Debug|Any CPU.ActiveCfg = Debug|Any CPU
		{ED23C9FE-BC5A-4C6C-A5CA-F2BDE37DEA9B}.Debug|Any CPU.Build.0 = Debug|Any CPU
		{ED23C9FE-BC5A-4C6C-A5CA-F2BDE37DEA9B}.Release|Any CPU.ActiveCfg = Release|Any CPU
		{ED23C9FE-BC5A-4C6C-A5CA-F2BDE37DEA9B}.Release|Any CPU.Build.0 = Release|Any CPU
	EndGlobalSection
	GlobalSection(SolutionProperties) = preSolution
		HideSolutionNode = FALSE
	EndGlobalSection
	GlobalSection(ExtensibilityGlobals) = postSolution
		SolutionGuid = {7758DE28-897C-41E0-A4E6-79D6F2F343C1}
	EndGlobalSection
EndGlobal
